{
  "meteor": {},
  "dependencies": {
    "basePackages": {
      "event-hooks": {},
      "collection-hooks": {},
      "iron-router": {},
      "moment": {},
      "roles": {},
      "semantic-ui-less": {},
      "tutorials": {},
      "cluster": {},
      "jquery-scrollTo": {},
      "documentary": {},
      "jsencrypt": {},
      "iron-router-active": {}
    },
    "packages": {
      "event-hooks": {
        "git": "https://github.com/BenjaminRH/meteor-event-hooks.git",
        "tag": "v1.4.3",
        "commit": "ba4f3d7887748458618d29615492906f0c88d31c"
      },
      "collection-hooks": {
        "git": "https://github.com/matb33/meteor-collection-hooks.git",
        "tag": "v0.6.3",
        "commit": "70f2598bf991cb36effd72aea2555cba96f88355"
      },
      "iron-router": {
        "git": "https://github.com/EventedMind/iron-router.git",
        "tag": "v0.7.1",
        "commit": "d1ffb3f06ea4c112132b030f2eb1a70b81675ecb"
      },
      "moment": {
        "git": "https://github.com/acreeger/meteor-moment.git",
        "tag": "v2.6.0",
        "commit": "26156df681750fd6e6ed77043eef32b6653ebbdf"
      },
      "roles": {
        "git": "https://github.com/alanning/meteor-roles.git",
        "tag": "v1.2.8",
        "commit": "68844ba216c348d332bdb840825850f497f515bb"
      },
      "semantic-ui-less": {
        "git": "https://github.com/nooitaf/meteor-semantic-ui-less.git",
        "tag": "v0.16.1",
        "commit": "13d26eac3e92614cb89b54aaa3b8dbd041ed3861"
      },
      "tutorials": {
        "git": "https://github.com/mizzao/meteor-tutorials.git",
        "tag": "v0.6.0",
        "commit": "e63b1f811f087b477a72c33edac9831e6ecafb5c"
      },
      "cluster": {
        "git": "https://github.com/arunoda/meteor-cluster.git",
        "tag": "v0.1.7",
        "commit": "6bc38031777f7e23783006488a142114af82a001"
      },
      "jquery-scrollTo": {
        "git": "https://github.com/nate-strauser/meteor-jquery.scrollTo.git",
        "tag": "v1.4.6",
        "commit": "ab6f05c43e2a54fc7711e5a2ff8daa45e5ff4322"
      },
      "documentary": {
        "git": "https://github.com/CodeAdventure/meteor-documentary.git",
        "tag": "v0.1.2",
        "commit": "1ccb5a4c04e871049172c418bc4bc639cc3e3b6f"
      },
      "jsencrypt": {
        "git": "https://github.com/wreiske/meteor-jsencrypt.git",
        "tag": "v0.1.1",
        "commit": "9d7bae06a4a020fbc62d3ae8e245b1cb3d750f5a"
      },
      "iron-router-active": {
        "git": "https://github.com/XpressiveCode/iron-router-active.git",
        "tag": "v0.2.0",
        "commit": "1b05aad5325c3dfdb5186b9c288aa53013d767b8"
      },
      "blaze-layout": {
        "git": "https://github.com/EventedMind/blaze-layout.git",
        "tag": "v0.2.4",
        "commit": "b40e9b0612329288d75cf52ad14a7da64bb8618f"
      },
      "bootstrap-3": {
        "git": "https://github.com/mangasocial/meteor-bootstrap-3.git",
        "tag": "v3.1.1-1",
        "commit": "63dd38968828bb8963636df93e9a1c45e2dfe67e"
      }
    }
  }
}
